// !$*UTF8*$!
{
	archiveVersion = 1;
	classes = {
	};
	objectVersion = 50;
	objects = {

/* Begin PBXBuildFile section */
		0752A3B1264DBC090003A2A3 /* MusicByLocationApp.swift in Sources */ = {isa = PBXBuildFile; fileRef = 0752A3B0264DBC090003A2A3 /* MusicByLocationApp.swift */; };
		0752A3B3264DBC090003A2A3 /* ContentView.swift in Sources */ = {isa = PBXBuildFile; fileRef = 0752A3B2264DBC090003A2A3 /* ContentView.swift */; };
		0752A3B5264DBC0D0003A2A3 /* Assets.xcassets in Resources */ = {isa = PBXBuildFile; fileRef = 0752A3B4264DBC0D0003A2A3 /* Assets.xcassets */; };
		0752A3B8264DBC0D0003A2A3 /* Preview Assets.xcassets in Resources */ = {isa = PBXBuildFile; fileRef = 0752A3B7264DBC0D0003A2A3 /* Preview Assets.xcassets */; };
		0752A3C3264DBC0E0003A2A3 /* MusicByLocationTests.swift in Sources */ = {isa = PBXBuildFile; fileRef = 0752A3C2264DBC0E0003A2A3 /* MusicByLocationTests.swift */; };
		0752A3CE264DBC0E0003A2A3 /* MusicByLocationUITests.swift in Sources */ = {isa = PBXBuildFile; fileRef = 0752A3CD264DBC0E0003A2A3 /* MusicByLocationUITests.swift */; };
		0752A3DF264DBD3A0003A2A3 /* LocationHandler.swift in Sources */ = {isa = PBXBuildFile; fileRef = 0752A3DE264DBD3A0003A2A3 /* LocationHandler.swift */; };
/* End PBXBuildFile section */

/* Begin PBXContainerItemProxy section */
		0752A3BF264DBC0E0003A2A3 /* PBXContainerItemProxy */ = {
			isa = PBXContainerItemProxy;
			containerPortal = 0752A3A5264DBC080003A2A3 /* Project object */;
			proxyType = 1;
			remoteGlobalIDString = 0752A3AC264DBC090003A2A3;
			remoteInfo = MusicByLocation;
		};
		0752A3CA264DBC0E0003A2A3 /* PBXContainerItemProxy */ = {
			isa = PBXContainerItemProxy;
			containerPortal = 0752A3A5264DBC080003A2A3 /* Project object */;
			proxyType = 1;
			remoteGlobalIDString = 0752A3AC264DBC090003A2A3;
			remoteInfo = MusicByLocation;
		};
/* End PBXContainerItemProxy section */

/* Begin PBXFileReference section */
		0752A3AD264DBC090003A2A3 /* MusicByLocation.app */ = {isa = PBXFileReference; explicitFileType = wrapper.application; includeInIndex = 0; path = MusicByLocation.app; sourceTree = BUILT_PRODUCTS_DIR; };
		0752A3B0264DBC090003A2A3 /* MusicByLocationApp.swift */ = {isa = PBXFileReference; lastKnownFileType = sourcecode.swift; path = MusicByLocationApp.swift; sourceTree = "<group>"; };
		0752A3B2264DBC090003A2A3 /* ContentView.swift */ = {isa = PBXFileReference; lastKnownFileType = sourcecode.swift; path = ContentView.swift; sourceTree = "<group>"; };
		0752A3B4264DBC0D0003A2A3 /* Assets.xcassets */ = {isa = PBXFileReference; lastKnownFileType = folder.assetcatalog; path = Assets.xcassets; sourceTree = "<group>"; };
		0752A3B7264DBC0D0003A2A3 /* Preview Assets.xcassets */ = {isa = PBXFileReference; lastKnownFileType = folder.assetcatalog; path = "Preview Assets.xcassets"; sourceTree = "<group>"; };
		0752A3B9264DBC0D0003A2A3 /* Info.plist */ = {isa = PBXFileReference; lastKnownFileType = text.plist.xml; path = Info.plist; sourceTree = "<group>"; };
		0752A3BE264DBC0E0003A2A3 /* MusicByLocationTests.xctest */ = {isa = PBXFileReference; explicitFileType = wrapper.cfbundle; includeInIndex = 0; path = MusicByLocationTests.xctest; sourceTree = BUILT_PRODUCTS_DIR; };
		0752A3C2264DBC0E0003A2A3 /* MusicByLocationTests.swift */ = {isa = PBXFileReference; lastKnownFileType = sourcecode.swift; path = MusicByLocationTests.swift; sourceTree = "<group>"; };
		0752A3C4264DBC0E0003A2A3 /* Info.plist */ = {isa = PBXFileReference; lastKnownFileType = text.plist.xml; path = Info.plist; sourceTree = "<group>"; };
		0752A3C9264DBC0E0003A2A3 /* MusicByLocationUITests.xctest */ = {isa = PBXFileReference; explicitFileType = wrapper.cfbundle; includeInIndex = 0; path = MusicByLocationUITests.xctest; sourceTree = BUILT_PRODUCTS_DIR; };
		0752A3CD264DBC0E0003A2A3 /* MusicByLocationUITests.swift */ = {isa = PBXFileReference; lastKnownFileType = sourcecode.swift; path = MusicByLocationUITests.swift; sourceTree = "<group>"; };
		0752A3CF264DBC0E0003A2A3 /* Info.plist */ = {isa = PBXFileReference; lastKnownFileType = text.plist.xml; path = Info.plist; sourceTree = "<group>"; };
		0752A3DE264DBD3A0003A2A3 /* LocationHandler.swift */ = {isa = PBXFileReference; lastKnownFileType = sourcecode.swift; path = LocationHandler.swift; sourceTree = "<group>"; };
/* End PBXFileReference section */

/* Begin PBXFrameworksBuildPhase section */
		0752A3AA264DBC090003A2A3 /* Frameworks */ = {
			isa = PBXFrameworksBuildPhase;
			buildActionMask = 2147483647;
			files = (
			);
			runOnlyForDeploymentPostprocessing = 0;
		};
		0752A3BB264DBC0E0003A2A3 /* Frameworks */ = {
			isa = PBXFrameworksBuildPhase;
			buildActionMask = 2147483647;
			files = (
			);
			runOnlyForDeploymentPostprocessing = 0;
		};
		0752A3C6264DBC0E0003A2A3 /* Frameworks */ = {
			isa = PBXFrameworksBuildPhase;
			buildActionMask = 2147483647;
			files = (
			);
			runOnlyForDeploymentPostprocessing = 0;
		};
/* End PBXFrameworksBuildPhase section */

/* Begin PBXGroup section */
		0752A3A4264DBC080003A2A3 = {
			isa = PBXGroup;
			children = (
				0752A3AF264DBC090003A2A3 /* MusicByLocation */,
				0752A3C1264DBC0E0003A2A3 /* MusicByLocationTests */,
				0752A3CC264DBC0E0003A2A3 /* MusicByLocationUITests */,
				0752A3AE264DBC090003A2A3 /* Products */,
			);
			sourceTree = "<group>";
		};
		0752A3AE264DBC090003A2A3 /* Products */ = {
			isa = PBXGroup;
			children = (
				0752A3AD264DBC090003A2A3 /* MusicByLocation.app */,
				0752A3BE264DBC0E0003A2A3 /* MusicByLocationTests.xctest */,
				0752A3C9264DBC0E0003A2A3 /* MusicByLocationUITests.xctest */,
			);
			name = Products;
			sourceTree = "<group>";
		};
		0752A3AF264DBC090003A2A3 /* MusicByLocation */ = {
			isa = PBXGroup;
			children = (
				0752A3B0264DBC090003A2A3 /* MusicByLocationApp.swift */,
				0752A3B2264DBC090003A2A3 /* ContentView.swift */,
				0752A3B4264DBC0D0003A2A3 /* Assets.xcassets */,
				0752A3B9264DBC0D0003A2A3 /* Info.plist */,
				0752A3B6264DBC0D0003A2A3 /* Preview Content */,
				0752A3DE264DBD3A0003A2A3 /* LocationHandler.swift */,
			);
			path = MusicByLocation;
			sourceTree = "<group>";
		};
		0752A3B6264DBC0D0003A2A3 /* Preview Content */ = {
			isa = PBXGroup;
			children = (
				0752A3B7264DBC0D0003A2A3 /* Preview Assets.xcassets */,
			);
			path = "Preview Content";
			sourceTree = "<group>";
		};
		0752A3C1264DBC0E0003A2A3 /* MusicByLocationTests */ = {
			isa = PBXGroup;
			children = (
				0752A3C2264DBC0E0003A2A3 /* MusicByLocationTests.swift */,
				0752A3C4264DBC0E0003A2A3 /* Info.plist */,
			);
			path = MusicByLocationTests;
			sourceTree = "<group>";
		};
		0752A3CC264DBC0E0003A2A3 /* MusicByLocationUITests */ = {
			isa = PBXGroup;
			children = (
				0752A3CD264DBC0E0003A2A3 /* MusicByLocationUITests.swift */,
				0752A3CF264DBC0E0003A2A3 /* Info.plist */,
			);
			path = MusicByLocationUITests;
			sourceTree = "<group>";
		};
/* End PBXGroup section */

/* Begin PBXNativeTarget section */
		0752A3AC264DBC090003A2A3 /* MusicByLocation */ = {
			isa = PBXNativeTarget;
			buildConfigurationList = 0752A3D2264DBC0E0003A2A3 /* Build configuration list for PBXNativeTarget "MusicByLocation" */;
			buildPhases = (
				0752A3A9264DBC090003A2A3 /* Sources */,
				0752A3AA264DBC090003A2A3 /* Frameworks */,
				0752A3AB264DBC090003A2A3 /* Resources */,
			);
			buildRules = (
			);
			dependencies = (
			);
			name = MusicByLocation;
			productName = MusicByLocation;
			productReference = 0752A3AD264DBC090003A2A3 /* MusicByLocation.app */;
			productType = "com.apple.product-type.application";
		};
		0752A3BD264DBC0E0003A2A3 /* MusicByLocationTests */ = {
			isa = PBXNativeTarget;
			buildConfigurationList = 0752A3D5264DBC0E0003A2A3 /* Build configuration list for PBXNativeTarget "MusicByLocationTests" */;
			buildPhases = (
				0752A3BA264DBC0E0003A2A3 /* Sources */,
				0752A3BB264DBC0E0003A2A3 /* Frameworks */,
				0752A3BC264DBC0E0003A2A3 /* Resources */,
			);
			buildRules = (
			);
			dependencies = (
				0752A3C0264DBC0E0003A2A3 /* PBXTargetDependency */,
			);
			name = MusicByLocationTests;
			productName = MusicByLocationTests;
			productReference = 0752A3BE264DBC0E0003A2A3 /* MusicByLocationTests.xctest */;
			productType = "com.apple.product-type.bundle.unit-test";
		};
		0752A3C8264DBC0E0003A2A3 /* MusicByLocationUITests */ = {
			isa = PBXNativeTarget;
			buildConfigurationList = 0752A3D8264DBC0E0003A2A3 /* Build configuration list for PBXNativeTarget "MusicByLocationUITests" */;
			buildPhases = (
				0752A3C5264DBC0E0003A2A3 /* Sources */,
				0752A3C6264DBC0E0003A2A3 /* Frameworks */,
				0752A3C7264DBC0E0003A2A3 /* Resources */,
			);
			buildRules = (
			);
			dependencies = (
				0752A3CB264DBC0E0003A2A3 /* PBXTargetDependency */,
			);
			name = MusicByLocationUITests;
			productName = MusicByLocationUITests;
			productReference = 0752A3C9264DBC0E0003A2A3 /* MusicByLocationUITests.xctest */;
			productType = "com.apple.product-type.bundle.ui-testing";
		};
/* End PBXNativeTarget section */

/* Begin PBXProject section */
		0752A3A5264DBC080003A2A3 /* Project object */ = {
			isa = PBXProject;
			attributes = {
				LastSwiftUpdateCheck = 1240;
				LastUpgradeCheck = 1240;
				TargetAttributes = {
					0752A3AC264DBC090003A2A3 = {
						CreatedOnToolsVersion = 12.4;
					};
					0752A3BD264DBC0E0003A2A3 = {
						CreatedOnToolsVersion = 12.4;
						TestTargetID = 0752A3AC264DBC090003A2A3;
					};
					0752A3C8264DBC0E0003A2A3 = {
						CreatedOnToolsVersion = 12.4;
						TestTargetID = 0752A3AC264DBC090003A2A3;
					};
				};
			};
			buildConfigurationList = 0752A3A8264DBC080003A2A3 /* Build configuration list for PBXProject "MusicByLocation" */;
			compatibilityVersion = "Xcode 9.3";
			developmentRegion = en;
			hasScannedForEncodings = 0;
			knownRegions = (
				en,
				Base,
			);
			mainGroup = 0752A3A4264DBC080003A2A3;
			productRefGroup = 0752A3AE264DBC090003A2A3 /* Products */;
			projectDirPath = "";
			projectRoot = "";
			targets = (
				0752A3AC264DBC090003A2A3 /* MusicByLocation */,
				0752A3BD264DBC0E0003A2A3 /* MusicByLocationTests */,
				0752A3C8264DBC0E0003A2A3 /* MusicByLocationUITests */,
			);
		};
/* End PBXProject section */

/* Begin PBXResourcesBuildPhase section */
		0752A3AB264DBC090003A2A3 /* Resources */ = {
			isa = PBXResourcesBuildPhase;
			buildActionMask = 2147483647;
			files = (
				0752A3B8264DBC0D0003A2A3 /* Preview Assets.xcassets in Resources */,
				0752A3B5264DBC0D0003A2A3 /* Assets.xcassets in Resources */,
			);
			runOnlyForDeploymentPostprocessing = 0;
		};
		0752A3BC264DBC0E0003A2A3 /* Resources */ = {
			isa = PBXResourcesBuildPhase;
			buildActionMask = 2147483647;
			files = (
			);
			runOnlyForDeploymentPostprocessing = 0;
		};
		0752A3C7264DBC0E0003A2A3 /* Resources */ = {
			isa = PBXResourcesBuildPhase;
			buildActionMask = 2147483647;
			files = (
			);
			runOnlyForDeploymentPostprocessing = 0;
		};
/* End PBXResourcesBuildPhase section */

/* Begin PBXSourcesBuildPhase section */
		0752A3A9264DBC090003A2A3 /* Sources */ = {
			isa = PBXSourcesBuildPhase;
			buildActionMask = 2147483647;
			files = (
				0752A3DF264DBD3A0003A2A3 /* LocationHandler.swift in Sources */,
				0752A3B3264DBC090003A2A3 /* ContentView.swift in Sources */,
				0752A3B1264DBC090003A2A3 /* MusicByLocationApp.swift in Sources */,
			);
			runOnlyForDeploymentPostprocessing = 0;
		};
		0752A3BA264DBC0E0003A2A3 /* Sources */ = {
			isa = PBXSourcesBuildPhase;
			buildActionMask = 2147483647;
			files = (
				0752A3C3264DBC0E0003A2A3 /* MusicByLocationTests.swift in Sources */,
			);
			runOnlyForDeploymentPostprocessing = 0;
		};
		0752A3C5264DBC0E0003A2A3 /* Sources */ = {
			isa = PBXSourcesBuildPhase;
			buildActionMask = 2147483647;
			files = (
				0752A3CE264DBC0E0003A2A3 /* MusicByLocationUITests.swift in Sources */,
			);
			runOnlyForDeploymentPostprocessing = 0;
		};
/* End PBXSourcesBuildPhase section */

/* Begin PBXTargetDependency section */
		0752A3C0264DBC0E0003A2A3 /* PBXTargetDependency */ = {
			isa = PBXTargetDependency;
			target = 0752A3AC264DBC090003A2A3 /* MusicByLocation */;
			targetProxy = 0752A3BF264DBC0E0003A2A3 /* PBXContainerItemProxy */;
		};
		0752A3CB264DBC0E0003A2A3 /* PBXTargetDependency */ = {
			isa = PBXTargetDependency;
			target = 0752A3AC264DBC090003A2A3 /* MusicByLocation */;
			targetProxy = 0752A3CA264DBC0E0003A2A3 /* PBXContainerItemProxy */;
		};
/* End PBXTargetDependency section */

/* Begin XCBuildConfiguration section */
		0752A3D0264DBC0E0003A2A3 /* Debug */ = {
			isa = XCBuildConfiguration;
			buildSettings = {
				ALWAYS_SEARCH_USER_PATHS = NO;
				CLANG_ANALYZER_NONNULL = YES;
				CLANG_ANALYZER_NUMBER_OBJECT_CONVERSION = YES_AGGRESSIVE;
				CLANG_CXX_LANGUAGE_STANDARD = "gnu++14";
				CLANG_CXX_LIBRARY = "libc++";
				CLANG_ENABLE_MODULES = YES;
				CLANG_ENABLE_OBJC_ARC = YES;
				CLANG_ENABLE_OBJC_WEAK = YES;
				CLANG_WARN_BLOCK_CAPTURE_AUTORELEASING = YES;
				CLANG_WARN_BOOL_CONVERSION = YES;
				CLANG_WARN_COMMA = YES;
				CLANG_WARN_CONSTANT_CONVERSION = YES;
				CLANG_WARN_DEPRECATED_OBJC_IMPLEMENTATIONS = YES;
				CLANG_WARN_DIRECT_OBJC_ISA_USAGE = YES_ERROR;
				CLANG_WARN_DOCUMENTATION_COMMENTS = YES;
				CLANG_WARN_EMPTY_BODY = YES;
				CLANG_WARN_ENUM_CONVERSION = YES;
				CLANG_WARN_INFINITE_RECURSION = YES;
				CLANG_WARN_INT_CONVERSION = YES;
				CLANG_WARN_NON_LITERAL_NULL_CONVERSION = YES;
				CLANG_WARN_OBJC_IMPLICIT_RETAIN_SELF = YES;
				CLANG_WARN_OBJC_LITERAL_CONVERSION = YES;
				CLANG_WARN_OBJC_ROOT_CLASS = YES_ERROR;
				CLANG_WARN_QUOTED_INCLUDE_IN_FRAMEWORK_HEADER = YES;
				CLANG_WARN_RANGE_LOOP_ANALYSIS = YES;
				CLANG_WARN_STRICT_PROTOTYPES = YES;
				CLANG_WARN_SUSPICIOUS_MOVE = YES;
				CLANG_WARN_UNGUARDED_AVAILABILITY = YES_AGGRESSIVE;
				CLANG_WARN_UNREACHABLE_CODE = YES;
				CLANG_WARN__DUPLICATE_METHOD_MATCH = YES;
				COPY_PHASE_STRIP = NO;
				DEBUG_INFORMATION_FORMAT = dwarf;
				ENABLE_STRICT_OBJC_MSGSEND = YES;
				ENABLE_TESTABILITY = YES;
				GCC_C_LANGUAGE_STANDARD = gnu11;
				GCC_DYNAMIC_NO_PIC = NO;
				GCC_NO_COMMON_BLOCKS = YES;
				GCC_OPTIMIZATION_LEVEL = 0;
				GCC_PREPROCESSOR_DEFINITIONS = (
					"DEBUG=1",
					"$(inherited)",
				);
				GCC_WARN_64_TO_32_BIT_CONVERSION = YES;
				GCC_WARN_ABOUT_RETURN_TYPE = YES_ERROR;
				GCC_WARN_UNDECLARED_SELECTOR = YES;
				GCC_WARN_UNINITIALIZED_AUTOS = YES_AGGRESSIVE;
				GCC_WARN_UNUSED_FUNCTION = YES;
				GCC_WARN_UNUSED_VARIABLE = YES;
				IPHONEOS_DEPLOYMENT_TARGET = 14.4;
				MTL_ENABLE_DEBUG_INFO = INCLUDE_SOURCE;
				MTL_FAST_MATH = YES;
				ONLY_ACTIVE_ARCH = YES;
				SDKROOT = iphoneos;
				SWIFT_ACTIVE_COMPILATION_CONDITIONS = DEBUG;
				SWIFT_OPTIMIZATION_LEVEL = "-Onone";
			};
			name = Debug;
		};
		0752A3D1264DBC0E0003A2A3 /* Release */ = {
			isa = XCBuildConfiguration;
			buildSettings = {
				ALWAYS_SEARCH_USER_PATHS = NO;
				CLANG_ANALYZER_NONNULL = YES;
				CLANG_ANALYZER_NUMBER_OBJECT_CONVERSION = YES_AGGRESSIVE;
				CLANG_CXX_LANGUAGE_STANDARD = "gnu++14";
				CLANG_CXX_LIBRARY = "libc++";
				CLANG_ENABLE_MODULES = YES;
				CLANG_ENABLE_OBJC_ARC = YES;
				CLANG_ENABLE_OBJC_WEAK = YES;
				CLANG_WARN_BLOCK_CAPTURE_AUTORELEASING = YES;
				CLANG_WARN_BOOL_CONVERSION = YES;
				CLANG_WARN_COMMA = YES;
				CLANG_WARN_CONSTANT_CONVERSION = YES;
				CLANG_WARN_DEPRECATED_OBJC_IMPLEMENTATIONS = YES;
				CLANG_WARN_DIRECT_OBJC_ISA_USAGE = YES_ERROR;
				CLANG_WARN_DOCUMENTATION_COMMENTS = YES;
				CLANG_WARN_EMPTY_BODY = YES;
				CLANG_WARN_ENUM_CONVERSION = YES;
				CLANG_WARN_INFINITE_RECURSION = YES;
				CLANG_WARN_INT_CONVERSION = YES;
				CLANG_WARN_NON_LITERAL_NULL_CONVERSION = YES;
				CLANG_WARN_OBJC_IMPLICIT_RETAIN_SELF = YES;
				CLANG_WARN_OBJC_LITERAL_CONVERSION = YES;
				CLANG_WARN_OBJC_ROOT_CLASS = YES_ERROR;
				CLANG_WARN_QUOTED_INCLUDE_IN_FRAMEWORK_HEADER = YES;
				CLANG_WARN_RANGE_LOOP_ANALYSIS = YES;
				CLANG_WARN_STRICT_PROTOTYPES = YES;
				CLANG_WARN_SUSPICIOUS_MOVE = YES;
				CLANG_WARN_UNGUARDED_AVAILABILITY = YES_AGGRESSIVE;
				CLANG_WARN_UNREACHABLE_CODE = YES;
				CLANG_WARN__DUPLICATE_METHOD_MATCH = YES;
				COPY_PHASE_STRIP = NO;
				DEBUG_INFORMATION_FORMAT = "dwarf-with-dsym";
				ENABLE_NS_ASSERTIONS = NO;
				ENABLE_STRICT_OBJC_MSGSEND = YES;
				GCC_C_LANGUAGE_STANDARD = gnu11;
				GCC_NO_COMMON_BLOCKS = YES;
				GCC_WARN_64_TO_32_BIT_CONVERSION = YES;
				GCC_WARN_ABOUT_RETURN_TYPE = YES_ERROR;
				GCC_WARN_UNDECLARED_SELECTOR = YES;
				GCC_WARN_UNINITIALIZED_AUTOS = YES_AGGRESSIVE;
				GCC_WARN_UNUSED_FUNCTION = YES;
				GCC_WARN_UNUSED_VARIABLE = YES;
				IPHONEOS_DEPLOYMENT_TARGET = 14.4;
				MTL_ENABLE_DEBUG_INFO = NO;
				MTL_FAST_MATH = YES;
				SDKROOT = iphoneos;
				SWIFT_COMPILATION_MODE = wholemodule;
				SWIFT_OPTIMIZATION_LEVEL = "-O";
				VALIDATE_PRODUCT = YES;
			};
			name = Release;
		};
		0752A3D3264DBC0E0003A2A3 /* Debug */ = {
			isa = XCBuildConfiguration;
			buildSettings = {
				ASSETCATALOG_COMPILER_APPICON_NAME = AppIcon;
				ASSETCATALOG_COMPILER_GLOBAL_ACCENT_COLOR_NAME = AccentColor;
				CODE_SIGN_STYLE = Automatic;
				DEVELOPMENT_ASSET_PATHS = "\"MusicByLocation/Preview Content\"";
				ENABLE_PREVIEWS = YES;
				INFOPLIST_FILE = MusicByLocation/Info.plist;
				IPHONEOS_DEPLOYMENT_TARGET = 14.0;
				LD_RUNPATH_SEARCH_PATHS = (
					"$(inherited)",
					"@executable_path/Frameworks",
				);
				PRODUCT_BUNDLE_IDENTIFIER = "com.saahil-b.MusicByLocation";
				PRODUCT_NAME = "$(TARGET_NAME)";
				SWIFT_VERSION = 5.0;
				TARGETED_DEVICE_FAMILY = "1,2";
			};
			name = Debug;
		};
		0752A3D4264DBC0E0003A2A3 /* Release */ = {
			isa = XCBuildConfiguration;
			buildSettings = {
				ASSETCATALOG_COMPILER_APPICON_NAME = AppIcon;
				ASSETCATALOG_COMPILER_GLOBAL_ACCENT_COLOR_NAME = AccentColor;
				CODE_SIGN_STYLE = Automatic;
				DEVELOPMENT_ASSET_PATHS = "\"MusicByLocation/Preview Content\"";
				ENABLE_PREVIEWS = YES;
				INFOPLIST_FILE = MusicByLocation/Info.plist;
				IPHONEOS_DEPLOYMENT_TARGET = 14.0;
				LD_RUNPATH_SEARCH_PATHS = (
					"$(inherited)",
					"@executable_path/Frameworks",
				);
				PRODUCT_BUNDLE_IDENTIFIER = "com.saahil-b.MusicByLocation";
				PRODUCT_NAME = "$(TARGET_NAME)";
				SWIFT_VERSION = 5.0;
				TARGETED_DEVICE_FAMILY = "1,2";
			};
			name = Release;
		};
		0752A3D6264DBC0E0003A2A3 /* Debug */ = {
			isa = XCBuildConfiguration;
			buildSettings = {
				ALWAYS_EMBED_SWIFT_STANDARD_LIBRARIES = YES;
				BUNDLE_LOADER = "$(TEST_HOST)";
				CODE_SIGN_STYLE = Automatic;
				INFOPLIST_FILE = MusicByLocationTests/Info.plist;
				IPHONEOS_DEPLOYMENT_TARGET = 14.0;
				LD_RUNPATH_SEARCH_PATHS = (
					"$(inherited)",
					"@executable_path/Frameworks",
					"@loader_path/Frameworks",
				);
				PRODUCT_BUNDLE_IDENTIFIER = "com.saahil-b.MusicByLocationTests";
				PRODUCT_NAME = "$(TARGET_NAME)";
				SWIFT_VERSION = 5.0;
				TARGETED_DEVICE_FAMILY = "1,2";
				TEST_HOST = "$(BUILT_PRODUCTS_DIR)/MusicByLocation.app/MusicByLocation";
			};
			name = Debug;
		};
		0752A3D7264DBC0E0003A2A3 /* Release */ = {
			isa = XCBuildConfiguration;
			buildSettings = {
				ALWAYS_EMBED_SWIFT_STANDARD_LIBRARIES = YES;
				BUNDLE_LOADER = "$(TEST_HOST)";
				CODE_SIGN_STYLE = Automatic;
				INFOPLIST_FILE = MusicByLocationTests/Info.plist;
				IPHONEOS_DEPLOYMENT_TARGET = 14.0;
				LD_RUNPATH_SEARCH_PATHS = (
					"$(inherited)",
					"@executable_path/Frameworks",
					"@loader_path/Frameworks",
				);
				PRODUCT_BUNDLE_IDENTIFIER = "com.saahil-b.MusicByLocationTests";
				PRODUCT_NAME = "$(TARGET_NAME)";
				SWIFT_VERSION = 5.0;
				TARGETED_DEVICE_FAMILY = "1,2";
				TEST_HOST = "$(BUILT_PRODUCTS_DIR)/MusicByLocation.app/MusicByLocation";
			};
			name = Release;
		};
		0752A3D9264DBC0E0003A2A3 /* Debug */ = {
			isa = XCBuildConfiguration;
			buildSettings = {
				ALWAYS_EMBED_SWIFT_STANDARD_LIBRARIES = YES;
				CODE_SIGN_STYLE = Automatic;
				INFOPLIST_FILE = MusicByLocationUITests/Info.plist;
				LD_RUNPATH_SEARCH_PATHS = (
					"$(inherited)",
					"@executable_path/Frameworks",
					"@loader_path/Frameworks",
				);
				PRODUCT_BUNDLE_IDENTIFIER = "com.saahil-b.MusicByLocationUITests";
				PRODUCT_NAME = "$(TARGET_NAME)";
				SWIFT_VERSION = 5.0;
				TARGETED_DEVICE_FAMILY = "1,2";
				TEST_TARGET_NAME = MusicByLocation;
			};
			name = Debug;
		};
		0752A3DA264DBC0E0003A2A3 /* Release */ = {
			isa = XCBuildConfiguration;
			buildSettings = {
				ALWAYS_EMBED_SWIFT_STANDARD_LIBRARIES = YES;
				CODE_SIGN_STYLE = Automatic;
				INFOPLIST_FILE = MusicByLocationUITests/Info.plist;
				LD_RUNPATH_SEARCH_PATHS = (
					"$(inherited)",
					"@executable_path/Frameworks",
					"@loader_path/Frameworks",
				);
				PRODUCT_BUNDLE_IDENTIFIER = "com.saahil-b.MusicByLocationUITests";
				PRODUCT_NAME = "$(TARGET_NAME)";
				SWIFT_VERSION = 5.0;
				TARGETED_DEVICE_FAMILY = "1,2";
				TEST_TARGET_NAME = MusicByLocation;
			};
			name = Release;
		};
/* End XCBuildConfiguration section */

/* Begin XCConfigurationList section */
		0752A3A8264DBC080003A2A3 /* Build configuration list for PBXProject "MusicByLocation" */ = {
			isa = XCConfigurationList;
			buildConfigurations = (
				0752A3D0264DBC0E0003A2A3 /* Debug */,
				0752A3D1264DBC0E0003A2A3 /* Release */,
			);
			defaultConfigurationIsVisible = 0;
			defaultConfigurationName = Release;
		};
		0752A3D2264DBC0E0003A2A3 /* Build configuration list for PBXNativeTarget "MusicByLocation" */ = {
			isa = XCConfigurationList;
			buildConfigurations = (
				0752A3D3264DBC0E0003A2A3 /* Debug */,
				0752A3D4264DBC0E0003A2A3 /* Release */,
			);
			defaultConfigurationIsVisible = 0;
			defaultConfigurationName = Release;
		};
		0752A3D5264DBC0E0003A2A3 /* Build configuration list for PBXNativeTarget "MusicByLocationTests" */ = {
			isa = XCConfigurationList;
			buildConfigurations = (
				0752A3D6264DBC0E0003A2A3 /* Debug */,
				0752A3D7264DBC0E0003A2A3 /* Release */,
			);
			defaultConfigurationIsVisible = 0;
			defaultConfigurationName = Release;
		};
		0752A3D8264DBC0E0003A2A3 /* Build configuration list for PBXNativeTarget "MusicByLocationUITests" */ = {
			isa = XCConfigurationList;
			buildConfigurations = (
				0752A3D9264DBC0E0003A2A3 /* Debug */,
				0752A3DA264DBC0E0003A2A3 /* Release */,
			);
			defaultConfigurationIsVisible = 0;
			defaultConfigurationName = Release;
		};
/* End XCConfigurationList section */
	};
	rootObject = 0752A3A5264DBC080003A2A3 /* Project object */;
}
